
Microsoft Visual Studio Solution File, Format Version 12.00
# Visual Studio 15
VisualStudioVersion = 15.0.28307.705
MinimumVisualStudioVersion = 10.0.40219.1
Project("{FAE04EC0-301F-11D3-BF4B-00C04F79EFBC}") = "Ejemplo1POO", "Ejemplo1POO\Ejemplo1POO.csproj", "{99539CB2-1821-4B41-9235-9EE536A22966}"
EndProject
Global
	GlobalSection(SolutionConfigurationPlatforms) = preSolution
		Debug|Any CPU = Debug|Any CPU
		Release|Any CPU = Release|Any CPU
	EndGlobalSection
	GlobalSection(ProjectConfigurationPlatforms) = postSolution
		{99539CB2-1821-4B41-9235-9EE536A22966}.Debug|Any CPU.ActiveCfg = Debug|Any CPU
		{99539CB2-1821-4B41-9235-9EE536A22966}.Debug|Any CPU.Build.0 = Debug|Any CPU
		{99539CB2-1821-4B41-9235-9EE536A22966}.Release|Any CPU.ActiveCfg = Release|Any CPU
		{99539CB2-1821-4B41-9235-9EE536A22966}.Release|Any CPU.Build.0 = Release|Any CPU
	EndGlobalSection
	GlobalSection(SolutionProperties) = preSolution
		HideSolutionNode = FALSE
	EndGlobalSection
	GlobalSection(ExtensibilityGlobals) = postSolution
		SolutionGuid = {D7D0F94C-B67E-490B-ACC6-700DCAC2E5D8}
	EndGlobalSection
EndGlobal
